<?xml version="1.0" encoding="utf-8"?>
<Project ToolsVersion="4.0" xmlns="http://schemas.microsoft.com/developer/msbuild/2003">
  <ItemGroup>
    <Filter Include="소스 파일">
      <UniqueIdentifier>{4FC737F1-C7A5-4376-A066-2A32D752A2FF}</UniqueIdentifier>
      <Extensions>cpp;c;cc;cxx;c++;cppm;ixx;def;odl;idl;hpj;bat;asm;asmx</Extensions>
    </Filter>
    <Filter Include="리소스 파일">
      <UniqueIdentifier>{67DA6AB6-F800-4c08-8B7A-83BB121AAD01}</UniqueIdentifier>
      <Extensions>rc;ico;cur;bmp;dlg;rc2;rct;bin;rgs;gif;jpg;jpeg;jpe;resx;tiff;tif;png;wav;mfcribbon-ms</Extensions>
    </Filter>
    <Filter Include="소스 파일\01.">
      <UniqueIdentifier>{dc523d3a-6554-4c84-8d3d-546b793cd0c2}</UniqueIdentifier>
    </Filter>
    <Filter Include="소스 파일\02.">
      <UniqueIdentifier>{3629f046-78f7-429b-808e-37bf6aa86f08}</UniqueIdentifier>
    </Filter>
    <Filter Include="소스 파일\01.\Main">
      <UniqueIdentifier>{2020080c-cef1-4dd3-9609-5ee894c12a5b}</UniqueIdentifier>
    </Filter>
    <Filter Include="소스 파일\01.\Server">
      <UniqueIdentifier>{20baf9e2-371c-489d-aa3b-bf2a7e2c36c2}</UniqueIdentifier>
    </Filter>
    <Filter Include="소스 파일\02.\GameWorld">
      <UniqueIdentifier>{5dd9edd4-4748-4acb-a17b-21195e83dab5}</UniqueIdentifier>
    </Filter>
    <Filter Include="소스 파일\01.\Session">
      <UniqueIdentifier>{5bc936c9-a011-44a1-9aa1-c3e3a1c9241a}</UniqueIdentifier>
    </Filter>
    <Filter Include="소스 파일\03.">
      <UniqueIdentifier>{38b5dff6-df7a-4fd1-afea-3ff8fd5aa011}</UniqueIdentifier>
    </Filter>
    <Filter Include="소스 파일\03.\PCH">
      <UniqueIdentifier>{24313fff-011b-4e82-bf2a-78146c01762c}</UniqueIdentifier>
    </Filter>
    <Filter Include="소스 파일\03.\Logger">
      <UniqueIdentifier>{abebaf2c-1df0-411f-b38b-576675653fbc}</UniqueIdentifier>
    </Filter>
  </ItemGroup>
  <ItemGroup>
    <ClCompile Include="Source\Core\ServerMain.cpp">
      <Filter>소스 파일\01.\Main</Filter>
    </ClCompile>
    <ClCompile Include="Source\Core\PCH.cpp">
      <Filter>소스 파일\03.\PCH</Filter>
    </ClCompile>
    <ClCompile Include="Source\Core\Logger.cpp">
      <Filter>소스 파일\03.\Logger</Filter>
    </ClCompile>
    <ClCompile Include="Source\Core\GameServer.cpp">
      <Filter>소스 파일\01.\Server</Filter>
    </ClCompile>
    <ClCompile Include="Source\Network\SessionManager.cpp">
      <Filter>소스 파일\01.\Session</Filter>
    </ClCompile>
    <ClCompile Include="Source\Network\Session.cpp">
      <Filter>소스 파일\01.\Session</Filter>
    </ClCompile>
    <ClCompile Include="Source\Game\GameWorld.cpp">
      <Filter>소스 파일\02.\GameWorld</Filter>
    </ClCompile>
  </ItemGroup>
  <ItemGroup>
    <ClInclude Include="Source\Core\PCH.h">
      <Filter>소스 파일\03.\PCH</Filter>
    </ClInclude>
    <ClInclude Include="Source\Core\Logger.h">
      <Filter>소스 파일\03.\Logger</Filter>
    </ClInclude>
    <ClInclude Include="Source\Core\GameServer.h">
      <Filter>소스 파일\01.\Server</Filter>
    </ClInclude>
    <ClInclude Include="Source\Network\SessionManager.h">
      <Filter>소스 파일\01.\Session</Filter>
    </ClInclude>
    <ClInclude Include="Source\Network\Session.h">
      <Filter>소스 파일\01.\Session</Filter>
    </ClInclude>
    <ClInclude Include="Source\Game\GameWorld.h">
      <Filter>소스 파일\02.\GameWorld</Filter>
    </ClInclude>
  </ItemGroup>
</Project>