<?xml version="1.0" encoding="utf-8"?>
<Project ToolsVersion="4.0" xmlns="http://schemas.microsoft.com/developer/msbuild/2003">
  <ItemGroup>
    <Filter Include="소스 파일">
      <UniqueIdentifier>{4FC737F1-C7A5-4376-A066-2A32D752A2FF}</UniqueIdentifier>
      <Extensions>cpp;c;cc;cxx;c++;cppm;ixx;def;odl;idl;hpj;bat;asm;asmx</Extensions>
    </Filter>
    <Filter Include="리소스 파일">
      <UniqueIdentifier>{67DA6AB6-F800-4c08-8B7A-83BB121AAD01}</UniqueIdentifier>
      <Extensions>rc;ico;cur;bmp;dlg;rc2;rct;bin;rgs;gif;jpg;jpeg;jpe;resx;tiff;tif;png;wav;mfcribbon-ms</Extensions>
    </Filter>
    <Filter Include="소스 파일\PCH">
      <UniqueIdentifier>{24313fff-011b-4e82-bf2a-78146c01762c}</UniqueIdentifier>
    </Filter>
    <Filter Include="소스 파일\Server">
      <UniqueIdentifier>{20baf9e2-371c-489d-aa3b-bf2a7e2c36c2}</UniqueIdentifier>
    </Filter>
    <Filter Include="소스 파일\Main">
      <UniqueIdentifier>{2020080c-cef1-4dd3-9609-5ee894c12a5b}</UniqueIdentifier>
    </Filter>
    <Filter Include="소스 파일\Session">
      <UniqueIdentifier>{5bc936c9-a011-44a1-9aa1-c3e3a1c9241a}</UniqueIdentifier>
    </Filter>
    <Filter Include="소스 파일\GameWorld">
      <UniqueIdentifier>{5dd9edd4-4748-4acb-a17b-21195e83dab5}</UniqueIdentifier>
    </Filter>
  </ItemGroup>
  <ItemGroup>
    <ClCompile Include="PCH.cpp">
      <Filter>소스 파일\PCH</Filter>
    </ClCompile>
    <ClCompile Include="FGameServer.cpp">
      <Filter>소스 파일\Server</Filter>
    </ClCompile>
    <ClCompile Include="ServerMain.cpp">
      <Filter>소스 파일\Main</Filter>
    </ClCompile>
    <ClCompile Include="FSession.cpp">
      <Filter>소스 파일\Session</Filter>
    </ClCompile>
    <ClCompile Include="FSessionManager.cpp">
      <Filter>소스 파일\Session</Filter>
    </ClCompile>
    <ClCompile Include="FGameWorld.cpp">
      <Filter>소스 파일\GameWorld</Filter>
    </ClCompile>
  </ItemGroup>
  <ItemGroup>
    <ClInclude Include="PCH.h">
      <Filter>소스 파일\PCH</Filter>
    </ClInclude>
    <ClInclude Include="FGameServer.h">
      <Filter>소스 파일\Server</Filter>
    </ClInclude>
    <ClInclude Include="FSession.h">
      <Filter>소스 파일\Session</Filter>
    </ClInclude>
    <ClInclude Include="FSessionManager.h">
      <Filter>소스 파일\Session</Filter>
    </ClInclude>
    <ClInclude Include="FGameWorld.h">
      <Filter>소스 파일\GameWorld</Filter>
    </ClInclude>
  </ItemGroup>
</Project>