<?xml version="1.0" encoding="utf-8"?>
<Project ToolsVersion="4.0" xmlns="http://schemas.microsoft.com/developer/msbuild/2003">
  <ItemGroup>
    <Filter Include="소스 파일">
      <UniqueIdentifier>{4FC737F1-C7A5-4376-A066-2A32D752A2FF}</UniqueIdentifier>
      <Extensions>cpp;c;cc;cxx;c++;cppm;ixx;def;odl;idl;hpj;bat;asm;asmx</Extensions>
    </Filter>
    <Filter Include="리소스 파일">
      <UniqueIdentifier>{67DA6AB6-F800-4c08-8B7A-83BB121AAD01}</UniqueIdentifier>
      <Extensions>rc;ico;cur;bmp;dlg;rc2;rct;bin;rgs;gif;jpg;jpeg;jpe;resx;tiff;tif;png;wav;mfcribbon-ms</Extensions>
    </Filter>
    <Filter Include="소스 파일\01.">
      <UniqueIdentifier>{dc523d3a-6554-4c84-8d3d-546b793cd0c2}</UniqueIdentifier>
    </Filter>
    <Filter Include="소스 파일\02.">
      <UniqueIdentifier>{3629f046-78f7-429b-808e-37bf6aa86f08}</UniqueIdentifier>
    </Filter>
    <Filter Include="소스 파일\01.\Main">
      <UniqueIdentifier>{2020080c-cef1-4dd3-9609-5ee894c12a5b}</UniqueIdentifier>
    </Filter>
    <Filter Include="소스 파일\01.\Server">
      <UniqueIdentifier>{20baf9e2-371c-489d-aa3b-bf2a7e2c36c2}</UniqueIdentifier>
    </Filter>
    <Filter Include="소스 파일\02.\GameWorld">
      <UniqueIdentifier>{5dd9edd4-4748-4acb-a17b-21195e83dab5}</UniqueIdentifier>
    </Filter>
    <Filter Include="소스 파일\03.">
      <UniqueIdentifier>{38b5dff6-df7a-4fd1-afea-3ff8fd5aa011}</UniqueIdentifier>
    </Filter>
    <Filter Include="소스 파일\04.">
      <UniqueIdentifier>{cbe3a189-7b6f-4f24-abab-1ae4714e3604}</UniqueIdentifier>
    </Filter>
    <Filter Include="소스 파일\04.\PCH">
      <UniqueIdentifier>{24313fff-011b-4e82-bf2a-78146c01762c}</UniqueIdentifier>
    </Filter>
    <Filter Include="소스 파일\03.\Systems">
      <UniqueIdentifier>{dd4ee203-2e22-4ca4-bca3-93a5c341e7fc}</UniqueIdentifier>
    </Filter>
    <Filter Include="소스 파일\03.\Systems\Network">
      <UniqueIdentifier>{1ca6ed51-9fd5-4347-8926-0e834bbd9202}</UniqueIdentifier>
    </Filter>
    <Filter Include="소스 파일\03.\SystemManager">
      <UniqueIdentifier>{7508e4f4-92b4-4786-8f63-3c7a14586600}</UniqueIdentifier>
    </Filter>
    <Filter Include="소스 파일\04.\Logger">
      <UniqueIdentifier>{abebaf2c-1df0-411f-b38b-576675653fbc}</UniqueIdentifier>
    </Filter>
  </ItemGroup>
  <ItemGroup>
    <ClCompile Include="Source\Core\ServerMain.cpp">
      <Filter>소스 파일\01.\Main</Filter>
    </ClCompile>
    <ClCompile Include="Source\Core\PCH.cpp">
      <Filter>소스 파일\04.\PCH</Filter>
    </ClCompile>
    <ClCompile Include="Source\Core\GameServer.cpp">
      <Filter>소스 파일\01.\Server</Filter>
    </ClCompile>
    <ClCompile Include="Source\Game\GameWorld.cpp">
      <Filter>소스 파일\02.\GameWorld</Filter>
    </ClCompile>
    <ClCompile Include="Source\System\SystemManager.cpp">
      <Filter>소스 파일\03.\SystemManager</Filter>
    </ClCompile>
    <ClCompile Include="Source\System\Network\RIONetworkSystem.cpp">
      <Filter>소스 파일\03.\Systems\Network</Filter>
    </ClCompile>
    <ClCompile Include="Source\Utils\Logger\Logger.cpp">
      <Filter>소스 파일\04.\Logger</Filter>
    </ClCompile>
  </ItemGroup>
  <ItemGroup>
    <ClInclude Include="Source\Core\PCH.h">
      <Filter>소스 파일\04.\PCH</Filter>
    </ClInclude>
    <ClInclude Include="Source\Core\GameServer.h">
      <Filter>소스 파일\01.\Server</Filter>
    </ClInclude>
    <ClInclude Include="Source\Game\GameWorld.h">
      <Filter>소스 파일\02.\GameWorld</Filter>
    </ClInclude>
    <ClInclude Include="Source\System\SystemManager.h">
      <Filter>소스 파일\03.\SystemManager</Filter>
    </ClInclude>
    <ClInclude Include="Source\System\Network\RIONetworkSystem.h">
      <Filter>소스 파일\03.\Systems\Network</Filter>
    </ClInclude>
    <ClInclude Include="Source\System\ISystem.h">
      <Filter>소스 파일\03.\SystemManager</Filter>
    </ClInclude>
    <ClInclude Include="Source\Utils\Logger\Logger.h">
      <Filter>소스 파일\04.\Logger</Filter>
    </ClInclude>
  </ItemGroup>
</Project>